
Microsoft Visual Studio Solution File, Format Version 12.00
# Visual Studio Version 17
VisualStudioVersion = 17.0.32112.339
MinimumVisualStudioVersion = 10.0.40219.1
Project("{2150E333-8FDC-42A3-9474-1A3956D46DE8}") = "build", "build", "{7E3E537C-FCA3-4DCB-A0A8-80F753487767}"
	ProjectSection(SolutionItems) = preProject
		CHANGES.md = CHANGES.md
	EndProjectSection
EndProject
Project("{9A19103F-16F7-4668-BE54-9A1E7A4F7556}") = "OpenRP.Streamer", "src\OpenRP.Streamer\OpenRP.Streamer.csproj", "{101CB4F0-1444-45BC-940A-612D9C9F5322}"
EndProject
Global
	GlobalSection(SolutionConfigurationPlatforms) = preSolution
		Debug|Any CPU = Debug|Any CPU
		Release|Any CPU = Release|Any CPU
	EndGlobalSection
	GlobalSection(ProjectConfigurationPlatforms) = postSolution
		{101CB4F0-1444-45BC-940A-612D9C9F5322}.Debug|Any CPU.ActiveCfg = Debug|Any CPU
		{101CB4F0-1444-45BC-940A-612D9C9F5322}.Debug|Any CPU.Build.0 = Debug|Any CPU
		{101CB4F0-1444-45BC-940A-612D9C9F5322}.Release|Any CPU.ActiveCfg = Release|Any CPU
		{101CB4F0-1444-45BC-940A-612D9C9F5322}.Release|Any CPU.Build.0 = Release|Any CPU
	EndGlobalSection
	GlobalSection(SolutionProperties) = preSolution
		HideSolutionNode = FALSE
	EndGlobalSection
	GlobalSection(ExtensibilityGlobals) = postSolution
		SolutionGuid = {F06F8228-3E12-4D0A-8B5D-BA3B151F2D83}
	EndGlobalSection
EndGlobal
